
Microsoft Visual Studio Solution File, Format Version 12.00
# Visual Studio Version 16
VisualStudioVersion = 16.0.31019.35
MinimumVisualStudioVersion = 10.0.40219.1
Project("{FAE04EC0-301F-11D3-BF4B-00C04F79EFBC}") = "QLSinhVien.Android", "QLSinhVien\QLSinhVien.Android\QLSinhVien.Android.csproj", "{A039E9BD-2894-4044-AEA0-B159E7CE03B4}"
EndProject
Project("{FAE04EC0-301F-11D3-BF4B-00C04F79EFBC}") = "QLSinhVien", "QLSinhVien\QLSinhVien\QLSinhVien.csproj", "{A55E965F-C25D-4F2B-8F7C-BF685D14F2D8}"
EndProject
Global
	GlobalSection(SolutionConfigurationPlatforms) = preSolution
		Debug|Any CPU = Debug|Any CPU
		Release|Any CPU = Release|Any CPU
	EndGlobalSection
	GlobalSection(ProjectConfigurationPlatforms) = postSolution
		{A039E9BD-2894-4044-AEA0-B159E7CE03B4}.Debug|Any CPU.ActiveCfg = Debug|Any CPU
		{A039E9BD-2894-4044-AEA0-B159E7CE03B4}.Debug|Any CPU.Build.0 = Debug|Any CPU
		{A039E9BD-2894-4044-AEA0-B159E7CE03B4}.Debug|Any CPU.Deploy.0 = Debug|Any CPU
		{A039E9BD-2894-4044-AEA0-B159E7CE03B4}.Release|Any CPU.ActiveCfg = Release|Any CPU
		{A039E9BD-2894-4044-AEA0-B159E7CE03B4}.Release|Any CPU.Build.0 = Release|Any CPU
		{A039E9BD-2894-4044-AEA0-B159E7CE03B4}.Release|Any CPU.Deploy.0 = Release|Any CPU
		{A55E965F-C25D-4F2B-8F7C-BF685D14F2D8}.Debug|Any CPU.ActiveCfg = Debug|Any CPU
		{A55E965F-C25D-4F2B-8F7C-BF685D14F2D8}.Debug|Any CPU.Build.0 = Debug|Any CPU
		{A55E965F-C25D-4F2B-8F7C-BF685D14F2D8}.Debug|Any CPU.Deploy.0 = Debug|Any CPU
		{A55E965F-C25D-4F2B-8F7C-BF685D14F2D8}.Release|Any CPU.ActiveCfg = Release|Any CPU
		{A55E965F-C25D-4F2B-8F7C-BF685D14F2D8}.Release|Any CPU.Build.0 = Release|Any CPU
		{A55E965F-C25D-4F2B-8F7C-BF685D14F2D8}.Release|Any CPU.Deploy.0 = Release|Any CPU
	EndGlobalSection
	GlobalSection(SolutionProperties) = preSolution
		HideSolutionNode = FALSE
	EndGlobalSection
	GlobalSection(ExtensibilityGlobals) = postSolution
		SolutionGuid = {C896F47C-77EE-4D90-80D8-D342611B02AC}
	EndGlobalSection
EndGlobal
